
Microsoft Visual Studio Solution File, Format Version 12.00
# Visual Studio 15
VisualStudioVersion = 15.0.27703.2035
MinimumVisualStudioVersion = 10.0.40219.1
Project("{8BC9CEB8-8B4A-11D0-8D11-00A0C91BC942}") = "IBInterface", "IBInterface\IBInterface.vcxproj", "{35F11259-7161-4001-8905-9A8CA2337215}"
EndProject
Project("{8BC9CEB8-8B4A-11D0-8D11-00A0C91BC942}") = "IBInterfaceClient", "IBInterfaceClient\IBInterfaceClient.vcxproj", "{EC374C0B-59B0-424D-9CC5-CBD66D692CCA}"
	ProjectSection(ProjectDependencies) = postProject
		{35F11259-7161-4001-8905-9A8CA2337215} = {35F11259-7161-4001-8905-9A8CA2337215}
	EndProjectSection
EndProject
Project("{8BC9CEB8-8B4A-11D0-8D11-00A0C91BC942}") = "BaseAlgorithm", "BaseAlgorithm\BaseAlgorithm.vcxproj", "{AFC4D4DB-47D4-4448-9B03-BB5E8A53A52F}"
EndProject
Global
	GlobalSection(SolutionConfigurationPlatforms) = preSolution
		Debug|x64 = Debug|x64
		Debug|x86 = Debug|x86
		Release|x64 = Release|x64
		Release|x86 = Release|x86
	EndGlobalSection
	GlobalSection(ProjectConfigurationPlatforms) = postSolution
		{35F11259-7161-4001-8905-9A8CA2337215}.Debug|x64.ActiveCfg = Debug|x64
		{35F11259-7161-4001-8905-9A8CA2337215}.Debug|x64.Build.0 = Debug|x64
		{35F11259-7161-4001-8905-9A8CA2337215}.Debug|x86.ActiveCfg = Debug|Win32
		{35F11259-7161-4001-8905-9A8CA2337215}.Debug|x86.Build.0 = Debug|Win32
		{35F11259-7161-4001-8905-9A8CA2337215}.Release|x64.ActiveCfg = Release|x64
		{35F11259-7161-4001-8905-9A8CA2337215}.Release|x64.Build.0 = Release|x64
		{35F11259-7161-4001-8905-9A8CA2337215}.Release|x86.ActiveCfg = Release|Win32
		{35F11259-7161-4001-8905-9A8CA2337215}.Release|x86.Build.0 = Release|Win32
		{EC374C0B-59B0-424D-9CC5-CBD66D692CCA}.Debug|x64.ActiveCfg = Debug|x64
		{EC374C0B-59B0-424D-9CC5-CBD66D692CCA}.Debug|x64.Build.0 = Debug|x64
		{EC374C0B-59B0-424D-9CC5-CBD66D692CCA}.Debug|x86.ActiveCfg = Debug|Win32
		{EC374C0B-59B0-424D-9CC5-CBD66D692CCA}.Debug|x86.Build.0 = Debug|Win32
		{EC374C0B-59B0-424D-9CC5-CBD66D692CCA}.Release|x64.ActiveCfg = Release|x64
		{EC374C0B-59B0-424D-9CC5-CBD66D692CCA}.Release|x64.Build.0 = Release|x64
		{EC374C0B-59B0-424D-9CC5-CBD66D692CCA}.Release|x86.ActiveCfg = Release|Win32
		{EC374C0B-59B0-424D-9CC5-CBD66D692CCA}.Release|x86.Build.0 = Release|Win32
		{AFC4D4DB-47D4-4448-9B03-BB5E8A53A52F}.Debug|x64.ActiveCfg = Debug|x64
		{AFC4D4DB-47D4-4448-9B03-BB5E8A53A52F}.Debug|x64.Build.0 = Debug|x64
		{AFC4D4DB-47D4-4448-9B03-BB5E8A53A52F}.Debug|x86.ActiveCfg = Debug|Win32
		{AFC4D4DB-47D4-4448-9B03-BB5E8A53A52F}.Debug|x86.Build.0 = Debug|Win32
		{AFC4D4DB-47D4-4448-9B03-BB5E8A53A52F}.Release|x64.ActiveCfg = Release|x64
		{AFC4D4DB-47D4-4448-9B03-BB5E8A53A52F}.Release|x64.Build.0 = Release|x64
		{AFC4D4DB-47D4-4448-9B03-BB5E8A53A52F}.Release|x86.ActiveCfg = Release|Win32
		{AFC4D4DB-47D4-4448-9B03-BB5E8A53A52F}.Release|x86.Build.0 = Release|Win32
	EndGlobalSection
	GlobalSection(SolutionProperties) = preSolution
		HideSolutionNode = FALSE
	EndGlobalSection
	GlobalSection(ExtensibilityGlobals) = postSolution
		SolutionGuid = {4A7A57E0-FB54-4C3C-A985-114D955730EF}
	EndGlobalSection
EndGlobal
