Microsoft Visual Studio Solution File, Format Version 12.00
# Visual Studio 16
Project("{2150E333-8FDC-42A3-9474-1A3956D46DE8}") = "CMakePredefinedTargets", "CMakePredefinedTargets", "{4A29D2B0-DDE8-31D5-B917-6F03BC5F1086}"
EndProject
Project("{8BC9CEB8-8B4A-11D0-8D11-00A0C91BC942}") = "ALL_BUILD", "ALL_BUILD.vcxproj", "{95BC531E-1518-308A-943A-899202467746}"
	ProjectSection(ProjectDependencies) = postProject
		{5A68C536-9FF5-3250-974F-4F75DF6B320B} = {5A68C536-9FF5-3250-974F-4F75DF6B320B}
		{DD46D96A-F939-3335-9A87-1B66BEF91048} = {DD46D96A-F939-3335-9A87-1B66BEF91048}
	EndProjectSection
EndProject
Project("{8BC9CEB8-8B4A-11D0-8D11-00A0C91BC942}") = "InteractiveBrokersLib", "InteractiveBrokersLib.vcxproj", "{5A68C536-9FF5-3250-974F-4F75DF6B320B}"
	ProjectSection(ProjectDependencies) = postProject
		{DD46D96A-F939-3335-9A87-1B66BEF91048} = {DD46D96A-F939-3335-9A87-1B66BEF91048}
	EndProjectSection
EndProject
Project("{8BC9CEB8-8B4A-11D0-8D11-00A0C91BC942}") = "ZERO_CHECK", "ZERO_CHECK.vcxproj", "{DD46D96A-F939-3335-9A87-1B66BEF91048}"
	ProjectSection(ProjectDependencies) = postProject
	EndProjectSection
EndProject
Global
	GlobalSection(SolutionConfigurationPlatforms) = preSolution
		Debug|x64 = Debug|x64
		Release|x64 = Release|x64
		MinSizeRel|x64 = MinSizeRel|x64
		RelWithDebInfo|x64 = RelWithDebInfo|x64
	EndGlobalSection
	GlobalSection(ProjectConfigurationPlatforms) = postSolution
		{95BC531E-1518-308A-943A-899202467746}.Debug|x64.ActiveCfg = Debug|x64
		{95BC531E-1518-308A-943A-899202467746}.Release|x64.ActiveCfg = Release|x64
		{95BC531E-1518-308A-943A-899202467746}.MinSizeRel|x64.ActiveCfg = MinSizeRel|x64
		{95BC531E-1518-308A-943A-899202467746}.RelWithDebInfo|x64.ActiveCfg = RelWithDebInfo|x64
		{5A68C536-9FF5-3250-974F-4F75DF6B320B}.Debug|x64.ActiveCfg = Debug|x64
		{5A68C536-9FF5-3250-974F-4F75DF6B320B}.Debug|x64.Build.0 = Debug|x64
		{5A68C536-9FF5-3250-974F-4F75DF6B320B}.Release|x64.ActiveCfg = Release|x64
		{5A68C536-9FF5-3250-974F-4F75DF6B320B}.Release|x64.Build.0 = Release|x64
		{5A68C536-9FF5-3250-974F-4F75DF6B320B}.MinSizeRel|x64.ActiveCfg = MinSizeRel|x64
		{5A68C536-9FF5-3250-974F-4F75DF6B320B}.MinSizeRel|x64.Build.0 = MinSizeRel|x64
		{5A68C536-9FF5-3250-974F-4F75DF6B320B}.RelWithDebInfo|x64.ActiveCfg = RelWithDebInfo|x64
		{5A68C536-9FF5-3250-974F-4F75DF6B320B}.RelWithDebInfo|x64.Build.0 = RelWithDebInfo|x64
		{DD46D96A-F939-3335-9A87-1B66BEF91048}.Debug|x64.ActiveCfg = Debug|x64
		{DD46D96A-F939-3335-9A87-1B66BEF91048}.Debug|x64.Build.0 = Debug|x64
		{DD46D96A-F939-3335-9A87-1B66BEF91048}.Release|x64.ActiveCfg = Release|x64
		{DD46D96A-F939-3335-9A87-1B66BEF91048}.Release|x64.Build.0 = Release|x64
		{DD46D96A-F939-3335-9A87-1B66BEF91048}.MinSizeRel|x64.ActiveCfg = MinSizeRel|x64
		{DD46D96A-F939-3335-9A87-1B66BEF91048}.MinSizeRel|x64.Build.0 = MinSizeRel|x64
		{DD46D96A-F939-3335-9A87-1B66BEF91048}.RelWithDebInfo|x64.ActiveCfg = RelWithDebInfo|x64
		{DD46D96A-F939-3335-9A87-1B66BEF91048}.RelWithDebInfo|x64.Build.0 = RelWithDebInfo|x64
	EndGlobalSection
	GlobalSection(NestedProjects) = preSolution
		{95BC531E-1518-308A-943A-899202467746} = {4A29D2B0-DDE8-31D5-B917-6F03BC5F1086}
		{DD46D96A-F939-3335-9A87-1B66BEF91048} = {4A29D2B0-DDE8-31D5-B917-6F03BC5F1086}
	EndGlobalSection
	GlobalSection(ExtensibilityGlobals) = postSolution
		SolutionGuid = {E971875D-6BFD-3205-B052-D43F0DABED67}
	EndGlobalSection
	GlobalSection(ExtensibilityAddIns) = postSolution
	EndGlobalSection
EndGlobal
