
Microsoft Visual Studio Solution File, Format Version 12.00
# Visual Studio 15
VisualStudioVersion = 15.0.27703.2042
MinimumVisualStudioVersion = 10.0.40219.1
Project("{8BC9CEB8-8B4A-11D0-8D11-00A0C91BC942}") = "InteractiveBrokersClient", "InteractiveBrokersClient\InteractiveBrokersClient.vcxproj", "{8FB6AEFF-33E6-405F-94C3-C537A9FFEFE6}"
EndProject
Project("{8BC9CEB8-8B4A-11D0-8D11-00A0C91BC942}") = "InteractiveBrokersApi", "InteractiveBrokersApi\InteractiveBrokersApi.vcxproj", "{A97DB70E-FD86-4CD6-B3B0-685EF0CA694D}"
EndProject
Global
	GlobalSection(SolutionConfigurationPlatforms) = preSolution
		Debug|x64 = Debug|x64
		Debug|x86 = Debug|x86
		Release|x64 = Release|x64
		Release|x86 = Release|x86
	EndGlobalSection
	GlobalSection(ProjectConfigurationPlatforms) = postSolution
		{8FB6AEFF-33E6-405F-94C3-C537A9FFEFE6}.Debug|x64.ActiveCfg = Debug|x64
		{8FB6AEFF-33E6-405F-94C3-C537A9FFEFE6}.Debug|x64.Build.0 = Debug|x64
		{8FB6AEFF-33E6-405F-94C3-C537A9FFEFE6}.Debug|x86.ActiveCfg = Debug|Win32
		{8FB6AEFF-33E6-405F-94C3-C537A9FFEFE6}.Debug|x86.Build.0 = Debug|Win32
		{8FB6AEFF-33E6-405F-94C3-C537A9FFEFE6}.Release|x64.ActiveCfg = Release|x64
		{8FB6AEFF-33E6-405F-94C3-C537A9FFEFE6}.Release|x64.Build.0 = Release|x64
		{8FB6AEFF-33E6-405F-94C3-C537A9FFEFE6}.Release|x86.ActiveCfg = Release|Win32
		{8FB6AEFF-33E6-405F-94C3-C537A9FFEFE6}.Release|x86.Build.0 = Release|Win32
		{A97DB70E-FD86-4CD6-B3B0-685EF0CA694D}.Debug|x64.ActiveCfg = Debug|x64
		{A97DB70E-FD86-4CD6-B3B0-685EF0CA694D}.Debug|x64.Build.0 = Debug|x64
		{A97DB70E-FD86-4CD6-B3B0-685EF0CA694D}.Debug|x86.ActiveCfg = Debug|Win32
		{A97DB70E-FD86-4CD6-B3B0-685EF0CA694D}.Debug|x86.Build.0 = Debug|Win32
		{A97DB70E-FD86-4CD6-B3B0-685EF0CA694D}.Release|x64.ActiveCfg = Release|x64
		{A97DB70E-FD86-4CD6-B3B0-685EF0CA694D}.Release|x64.Build.0 = Release|x64
		{A97DB70E-FD86-4CD6-B3B0-685EF0CA694D}.Release|x86.ActiveCfg = Release|Win32
		{A97DB70E-FD86-4CD6-B3B0-685EF0CA694D}.Release|x86.Build.0 = Release|Win32
	EndGlobalSection
	GlobalSection(SolutionProperties) = preSolution
		HideSolutionNode = FALSE
	EndGlobalSection
	GlobalSection(ExtensibilityGlobals) = postSolution
		SolutionGuid = {42EC77A4-0874-4DD8-8D60-F0075643B99D}
	EndGlobalSection
EndGlobal
